
Microsoft Visual Studio Solution File, Format Version 12.00
# Visual Studio Version 17
VisualStudioVersion = 17.2.32505.173
MinimumVisualStudioVersion = 10.0.40219.1
Project("{FAE04EC0-301F-11D3-BF4B-00C04F79EFBC}") = "AutoOOP", "AutoOOP.csproj", "{94C3297B-A4A0-4C13-9DB1-0E412BED042D}"
EndProject
Global
	GlobalSection(SolutionConfigurationPlatforms) = preSolution
		Debug|Any CPU = Debug|Any CPU
		Release|Any CPU = Release|Any CPU
	EndGlobalSection
	GlobalSection(ProjectConfigurationPlatforms) = postSolution
		{94C3297B-A4A0-4C13-9DB1-0E412BED042D}.Debug|Any CPU.ActiveCfg = Debug|Any CPU
		{94C3297B-A4A0-4C13-9DB1-0E412BED042D}.Debug|Any CPU.Build.0 = Debug|Any CPU
		{94C3297B-A4A0-4C13-9DB1-0E412BED042D}.Release|Any CPU.ActiveCfg = Release|Any CPU
		{94C3297B-A4A0-4C13-9DB1-0E412BED042D}.Release|Any CPU.Build.0 = Release|Any CPU
	EndGlobalSection
	GlobalSection(SolutionProperties) = preSolution
		HideSolutionNode = FALSE
	EndGlobalSection
	GlobalSection(ExtensibilityGlobals) = postSolution
		SolutionGuid = {37EE2E6C-5CFA-4AF9-BF63-7259BBCD9EEC}
	EndGlobalSection
EndGlobal
